Microsoft Visual Studio Solution File, Format Version 12.00
# Visual Studio Version 17
VisualStudioVersion = 17.14.36603.0
MinimumVisualStudioVersion = 10.0.40219.1
Project("{FAE04EC0-301F-11D3-BF4B-00C04F79EFBC}") = "Overflow.AppHost", "Overflow.AppHost\Overflow.AppHost.csproj", "{140ECD8A-2427-440A-8C81-0EE9E9BDC376}"
EndProject
Project("{FAE04EC0-301F-11D3-BF4B-00C04F79EFBC}") = "Overflow.ServiceDefaults", "Overflow.ServiceDefaults\Overflow.ServiceDefaults.csproj", "{9FFD5E45-942B-0C74-AB32-283D13458368}"
EndProject
Project("{2150E333-8FDC-42A3-9474-1A3956D46DE8}") = "services", "services", "{02EA681E-C7D8-13C7-8484-4AC65E1B71E8}"
EndProject
Project("{FAE04EC0-301F-11D3-BF4B-00C04F79EFBC}") = "QuestionService", "QuestionService\QuestionService.csproj", "{CF5F8118-16E1-4D60-8156-3C50A9B36725}"
EndProject
Project("{FAE04EC0-301F-11D3-BF4B-00C04F79EFBC}") = "SearchService", "SearchService\SearchService.csproj", "{68943F65-4216-4A9B-82E0-77E54594102D}"
EndProject
Project("{2150E333-8FDC-42A3-9474-1A3956D46DE8}") = "common", "common", "{7D1D5B8F-FD19-40AA-A2AF-26A531FE23AA}"
EndProject
Project("{FAE04EC0-301F-11D3-BF4B-00C04F79EFBC}") = "Contracts", "Contracts\Contracts.csproj", "{6658F089-B75C-4845-8E4A-0AC91B1A4E61}"
EndProject
Project("{FAE04EC0-301F-11D3-BF4B-00C04F79EFBC}") = "Common", "Common\Common.csproj", "{D163D8F4-FD49-45CA-854B-F291E0EE25E7}"
EndProject
Project("{FAE04EC0-301F-11D3-BF4B-00C04F79EFBC}") = "ProfileService", "ProfileService\ProfileService.csproj", "{4FD309A4-E626-40D8-9FE8-BDCB387B1435}"
EndProject
Project("{FAE04EC0-301F-11D3-BF4B-00C04F79EFBC}") = "StatsService", "StatsService\StatsService.csproj", "{4A80968C-3C64-4316-A964-1DA7B31826E2}"
EndProject
Project("{FAE04EC0-301F-11D3-BF4B-00C04F79EFBC}") = "Reputation", "Reputation\Reputation.csproj", "{876EB6FE-3B24-4581-B65C-408470D52AC9}"
EndProject
Project("{FAE04EC0-301F-11D3-BF4B-00C04F79EFBC}") = "VoteService", "VoteService\VoteService.csproj", "{EEE1C5EE-B2FD-413C-9F09-E6B3CFD70BFB}"
EndProject
Global
	GlobalSection(SolutionConfigurationPlatforms) = preSolution
		Debug|Any CPU = Debug|Any CPU
		Release|Any CPU = Release|Any CPU
	EndGlobalSection
	GlobalSection(ProjectConfigurationPlatforms) = postSolution
		{140ECD8A-2427-440A-8C81-0EE9E9BDC376}.Debug|Any CPU.ActiveCfg = Debug|Any CPU
		{140ECD8A-2427-440A-8C81-0EE9E9BDC376}.Debug|Any CPU.Build.0 = Debug|Any CPU
		{140ECD8A-2427-440A-8C81-0EE9E9BDC376}.Release|Any CPU.ActiveCfg = Release|Any CPU
		{140ECD8A-2427-440A-8C81-0EE9E9BDC376}.Release|Any CPU.Build.0 = Release|Any CPU
		{9FFD5E45-942B-0C74-AB32-283D13458368}.Debug|Any CPU.ActiveCfg = Debug|Any CPU
		{9FFD5E45-942B-0C74-AB32-283D13458368}.Debug|Any CPU.Build.0 = Debug|Any CPU
		{9FFD5E45-942B-0C74-AB32-283D13458368}.Release|Any CPU.ActiveCfg = Release|Any CPU
		{9FFD5E45-942B-0C74-AB32-283D13458368}.Release|Any CPU.Build.0 = Release|Any CPU
		{CF5F8118-16E1-4D60-8156-3C50A9B36725}.Debug|Any CPU.ActiveCfg = Debug|Any CPU
		{CF5F8118-16E1-4D60-8156-3C50A9B36725}.Debug|Any CPU.Build.0 = Debug|Any CPU
		{CF5F8118-16E1-4D60-8156-3C50A9B36725}.Release|Any CPU.ActiveCfg = Release|Any CPU
		{CF5F8118-16E1-4D60-8156-3C50A9B36725}.Release|Any CPU.Build.0 = Release|Any CPU
		{68943F65-4216-4A9B-82E0-77E54594102D}.Debug|Any CPU.ActiveCfg = Debug|Any CPU
		{68943F65-4216-4A9B-82E0-77E54594102D}.Debug|Any CPU.Build.0 = Debug|Any CPU
		{68943F65-4216-4A9B-82E0-77E54594102D}.Release|Any CPU.ActiveCfg = Release|Any CPU
		{68943F65-4216-4A9B-82E0-77E54594102D}.Release|Any CPU.Build.0 = Release|Any CPU
		{6658F089-B75C-4845-8E4A-0AC91B1A4E61}.Debug|Any CPU.ActiveCfg = Debug|Any CPU
		{6658F089-B75C-4845-8E4A-0AC91B1A4E61}.Debug|Any CPU.Build.0 = Debug|Any CPU
		{6658F089-B75C-4845-8E4A-0AC91B1A4E61}.Release|Any CPU.ActiveCfg = Release|Any CPU
		{6658F089-B75C-4845-8E4A-0AC91B1A4E61}.Release|Any CPU.Build.0 = Release|Any CPU
		{D163D8F4-FD49-45CA-854B-F291E0EE25E7}.Debug|Any CPU.ActiveCfg = Debug|Any CPU
		{D163D8F4-FD49-45CA-854B-F291E0EE25E7}.Debug|Any CPU.Build.0 = Debug|Any CPU
		{D163D8F4-FD49-45CA-854B-F291E0EE25E7}.Release|Any CPU.ActiveCfg = Release|Any CPU
		{D163D8F4-FD49-45CA-854B-F291E0EE25E7}.Release|Any CPU.Build.0 = Release|Any CPU
		{4FD309A4-E626-40D8-9FE8-BDCB387B1435}.Debug|Any CPU.ActiveCfg = Debug|Any CPU
		{4FD309A4-E626-40D8-9FE8-BDCB387B1435}.Debug|Any CPU.Build.0 = Debug|Any CPU
		{4FD309A4-E626-40D8-9FE8-BDCB387B1435}.Release|Any CPU.ActiveCfg = Release|Any CPU
		{4FD309A4-E626-40D8-9FE8-BDCB387B1435}.Release|Any CPU.Build.0 = Release|Any CPU
		{4A80968C-3C64-4316-A964-1DA7B31826E2}.Debug|Any CPU.ActiveCfg = Debug|Any CPU
		{4A80968C-3C64-4316-A964-1DA7B31826E2}.Debug|Any CPU.Build.0 = Debug|Any CPU
		{4A80968C-3C64-4316-A964-1DA7B31826E2}.Release|Any CPU.ActiveCfg = Release|Any CPU
		{4A80968C-3C64-4316-A964-1DA7B31826E2}.Release|Any CPU.Build.0 = Release|Any CPU
		{876EB6FE-3B24-4581-B65C-408470D52AC9}.Debug|Any CPU.ActiveCfg = Debug|Any CPU
		{876EB6FE-3B24-4581-B65C-408470D52AC9}.Debug|Any CPU.Build.0 = Debug|Any CPU
		{876EB6FE-3B24-4581-B65C-408470D52AC9}.Release|Any CPU.ActiveCfg = Release|Any CPU
		{876EB6FE-3B24-4581-B65C-408470D52AC9}.Release|Any CPU.Build.0 = Release|Any CPU
		{EEE1C5EE-B2FD-413C-9F09-E6B3CFD70BFB}.Debug|Any CPU.ActiveCfg = Debug|Any CPU
		{EEE1C5EE-B2FD-413C-9F09-E6B3CFD70BFB}.Debug|Any CPU.Build.0 = Debug|Any CPU
		{EEE1C5EE-B2FD-413C-9F09-E6B3CFD70BFB}.Release|Any CPU.ActiveCfg = Release|Any CPU
		{EEE1C5EE-B2FD-413C-9F09-E6B3CFD70BFB}.Release|Any CPU.Build.0 = Release|Any CPU
	EndGlobalSection
	GlobalSection(SolutionProperties) = preSolution
		HideSolutionNode = FALSE
	EndGlobalSection
	GlobalSection(NestedProjects) = preSolution
		{CF5F8118-16E1-4D60-8156-3C50A9B36725} = {02EA681E-C7D8-13C7-8484-4AC65E1B71E8}
		{68943F65-4216-4A9B-82E0-77E54594102D} = {02EA681E-C7D8-13C7-8484-4AC65E1B71E8}
		{6658F089-B75C-4845-8E4A-0AC91B1A4E61} = {7D1D5B8F-FD19-40AA-A2AF-26A531FE23AA}
		{D163D8F4-FD49-45CA-854B-F291E0EE25E7} = {7D1D5B8F-FD19-40AA-A2AF-26A531FE23AA}
		{4FD309A4-E626-40D8-9FE8-BDCB387B1435} = {02EA681E-C7D8-13C7-8484-4AC65E1B71E8}
		{4A80968C-3C64-4316-A964-1DA7B31826E2} = {02EA681E-C7D8-13C7-8484-4AC65E1B71E8}
		{876EB6FE-3B24-4581-B65C-408470D52AC9} = {7D1D5B8F-FD19-40AA-A2AF-26A531FE23AA}
		{EEE1C5EE-B2FD-413C-9F09-E6B3CFD70BFB} = {02EA681E-C7D8-13C7-8484-4AC65E1B71E8}
	EndGlobalSection
	GlobalSection(ExtensibilityGlobals) = postSolution
		SolutionGuid = {D823E28C-915B-4048-AA8D-1CA1A4E2B4B5}
	EndGlobalSection
EndGlobal
